PODS:
  - LumenCDNLoadBalancerAVPlayerPlugin (22.09.0.0):
    - LumenOrchestratorSDK (~> 22.09.0)
  - LumenOrchestratorSDK (22.09.0)

DEPENDENCIES:
  - LumenCDNLoadBalancerAVPlayerPlugin

SPEC REPOS:
  trunk:
    - LumenCDNLoadBalancerAVPlayerPlugin
    - LumenOrchestratorSDK

SPEC CHECKSUMS:
  LumenCDNLoadBalancerAVPlayerPlugin: ecb62b2101d8669b2e44eb6ee2d610a401736d54
  LumenOrchestratorSDK: 735bc203c27d3e7bf8a671fcd181b85d6576a931

PODFILE CHECKSUM: 7f753bc22af1451a9f3921b1fc8d14403438ad8c

COCOAPODS: 1.11.2
