// !$*UTF8*$!
{
	archiveVersion = 1;
	classes = {
	};
	objectVersion = 55;
	objects = {

/* Begin PBXBuildFile section */
		3AA5ECA620B6296AB0BBFF76 /* Pods_DemoApp_Orchestrator_AVPlayerOrchestratorDemoTV.framework in Frameworks */ = {isa = PBXBuildFile; fileRef = DD4A56706336A58636E26296 /* Pods_DemoApp_Orchestrator_AVPlayerOrchestratorDemoTV.framework */; };
		662039F426425ED1F8CBE6D9 /* Pods_DemoApp_Mesh_AVPlayerMeshDemoTV.framework in Frameworks */ = {isa = PBXBuildFile; fileRef = 0EAB62DA1C3AC61CAF45F584 /* Pods_DemoApp_Mesh_AVPlayerMeshDemoTV.framework */; };
		7A912223286CC073000C6702 /* MainViewController.swift in Sources */ = {isa = PBXBuildFile; fileRef = A88E2D9D279183F100C76EFD /* MainViewController.swift */; };
		7A912224286CC073000C6702 /* PlayerViewController.swift in Sources */ = {isa = PBXBuildFile; fileRef = A88E2DAD279189D600C76EFD /* PlayerViewController.swift */; };
		7A912225286CC073000C6702 /* AppDelegate.swift in Sources */ = {isa = PBXBuildFile; fileRef = A88E2D99279183F100C76EFD /* AppDelegate.swift */; };
		7A912226286CC073000C6702 /* SceneDelegate.swift in Sources */ = {isa = PBXBuildFile; fileRef = A88E2D9B279183F100C76EFD /* SceneDelegate.swift */; };
		7A91222B286CC073000C6702 /* LaunchScreen.storyboard in Resources */ = {isa = PBXBuildFile; fileRef = A88E2DA4279183F200C76EFD /* LaunchScreen.storyboard */; };
		7A91222C286CC073000C6702 /* Assets.xcassets in Resources */ = {isa = PBXBuildFile; fileRef = A88E2DA2279183F200C76EFD /* Assets.xcassets */; };
		7A91222D286CC073000C6702 /* Main.storyboard in Resources */ = {isa = PBXBuildFile; fileRef = A88E2D9F279183F100C76EFD /* Main.storyboard */; };
		7A912249286CC0C5000C6702 /* MainViewController.swift in Sources */ = {isa = PBXBuildFile; fileRef = A88E2D9D279183F100C76EFD /* MainViewController.swift */; };
		7A91224A286CC0C5000C6702 /* PlayerViewController.swift in Sources */ = {isa = PBXBuildFile; fileRef = A88E2DAD279189D600C76EFD /* PlayerViewController.swift */; };
		7A91224B286CC0C5000C6702 /* AppDelegate.swift in Sources */ = {isa = PBXBuildFile; fileRef = A8AE9CBF2798211D00A2F6B5 /* AppDelegate.swift */; };
		7A912250286CC0C5000C6702 /* LaunchScreen.storyboard in Resources */ = {isa = PBXBuildFile; fileRef = A8AE9CC82798212000A2F6B5 /* LaunchScreen.storyboard */; };
		7A912251286CC0C5000C6702 /* Assets.xcassets in Resources */ = {isa = PBXBuildFile; fileRef = A8AE9CC62798212000A2F6B5 /* Assets.xcassets */; };
		7A912252286CC0C5000C6702 /* Main.storyboard in Resources */ = {isa = PBXBuildFile; fileRef = A8AE9CC32798211D00A2F6B5 /* Main.storyboard */; };
		7A912264286CC184000C6702 /* LumenAVOrchestratorPlugin.framework in Frameworks */ = {isa = PBXBuildFile; fileRef = 7A91223E286CC073000C6702 /* LumenAVOrchestratorPlugin.framework */; platformFilter = ios; };
		7A912265286CC184000C6702 /* LumenAVOrchestratorPlugin.framework in Embed Frameworks */ = {isa = PBXBuildFile; fileRef = 7A91223E286CC073000C6702 /* LumenAVOrchestratorPlugin.framework */; settings = {ATTRIBUTES = (CodeSignOnCopy, RemoveHeadersOnCopy, ); }; };
		7A912267286CC18B000C6702 /* LumenAVOrchestratorPlugin.framework in Frameworks */ = {isa = PBXBuildFile; fileRef = 7A912242286CC073000C6702 /* LumenAVOrchestratorPlugin.framework */; };
		7A912268286CC18B000C6702 /* LumenAVOrchestratorPlugin.framework in Embed Frameworks */ = {isa = PBXBuildFile; fileRef = 7A912242286CC073000C6702 /* LumenAVOrchestratorPlugin.framework */; settings = {ATTRIBUTES = (CodeSignOnCopy, RemoveHeadersOnCopy, ); }; };
		7A9686C2286BADC900450C0A /* LumenAVMeshPlugin.framework in Frameworks */ = {isa = PBXBuildFile; fileRef = 7A9686BD286BAD8E00450C0A /* LumenAVMeshPlugin.framework */; platformFilter = ios; };
		7A9686C3286BADC900450C0A /* LumenAVMeshPlugin.framework in Embed Frameworks */ = {isa = PBXBuildFile; fileRef = 7A9686BD286BAD8E00450C0A /* LumenAVMeshPlugin.framework */; platformFilter = ios; settings = {ATTRIBUTES = (CodeSignOnCopy, RemoveHeadersOnCopy, ); }; };
		7A968726286C92DC00450C0A /* LumenAVMeshPlugin.framework in Frameworks */ = {isa = PBXBuildFile; fileRef = 7A96871C286C87CC00450C0A /* LumenAVMeshPlugin.framework */; };
		7A968727286C92DC00450C0A /* LumenAVMeshPlugin.framework in Embed Frameworks */ = {isa = PBXBuildFile; fileRef = 7A96871C286C87CC00450C0A /* LumenAVMeshPlugin.framework */; settings = {ATTRIBUTES = (CodeSignOnCopy, RemoveHeadersOnCopy, ); }; };
		A88E2D9A279183F100C76EFD /* AppDelegate.swift in Sources */ = {isa = PBXBuildFile; fileRef = A88E2D99279183F100C76EFD /* AppDelegate.swift */; };
		A88E2D9C279183F100C76EFD /* SceneDelegate.swift in Sources */ = {isa = PBXBuildFile; fileRef = A88E2D9B279183F100C76EFD /* SceneDelegate.swift */; };
		A88E2D9E279183F100C76EFD /* MainViewController.swift in Sources */ = {isa = PBXBuildFile; fileRef = A88E2D9D279183F100C76EFD /* MainViewController.swift */; };
		A88E2DA1279183F100C76EFD /* Main.storyboard in Resources */ = {isa = PBXBuildFile; fileRef = A88E2D9F279183F100C76EFD /* Main.storyboard */; };
		A88E2DA3279183F200C76EFD /* Assets.xcassets in Resources */ = {isa = PBXBuildFile; fileRef = A88E2DA2279183F200C76EFD /* Assets.xcassets */; };
		A88E2DA6279183F200C76EFD /* LaunchScreen.storyboard in Resources */ = {isa = PBXBuildFile; fileRef = A88E2DA4279183F200C76EFD /* LaunchScreen.storyboard */; };
		A88E2DAE279189D600C76EFD /* PlayerViewController.swift in Sources */ = {isa = PBXBuildFile; fileRef = A88E2DAD279189D600C76EFD /* PlayerViewController.swift */; };
		A8AE9CC02798211D00A2F6B5 /* AppDelegate.swift in Sources */ = {isa = PBXBuildFile; fileRef = A8AE9CBF2798211D00A2F6B5 /* AppDelegate.swift */; };
		A8AE9CC52798211D00A2F6B5 /* Main.storyboard in Resources */ = {isa = PBXBuildFile; fileRef = A8AE9CC32798211D00A2F6B5 /* Main.storyboard */; };
		A8AE9CC72798212000A2F6B5 /* Assets.xcassets in Resources */ = {isa = PBXBuildFile; fileRef = A8AE9CC62798212000A2F6B5 /* Assets.xcassets */; };
		A8AE9CCA2798212000A2F6B5 /* LaunchScreen.storyboard in Resources */ = {isa = PBXBuildFile; fileRef = A8AE9CC82798212000A2F6B5 /* LaunchScreen.storyboard */; };
		A8AE9CCE2798213A00A2F6B5 /* MainViewController.swift in Sources */ = {isa = PBXBuildFile; fileRef = A88E2D9D279183F100C76EFD /* MainViewController.swift */; };
		A8AE9CD0279821F000A2F6B5 /* PlayerViewController.swift in Sources */ = {isa = PBXBuildFile; fileRef = A88E2DAD279189D600C76EFD /* PlayerViewController.swift */; };
		BE2C1C4814515AC90A389ABD /* Pods_DemoApp_Mesh_AVPlayerMeshDemo.framework in Frameworks */ = {isa = PBXBuildFile; fileRef = 3D225448CBEACD8725FB0D25 /* Pods_DemoApp_Mesh_AVPlayerMeshDemo.framework */; };
		F75D03691F0F0273AF26601B /* Pods_DemoApp_Orchestrator_AVPlayerOrchestratorDemo.framework in Frameworks */ = {isa = PBXBuildFile; fileRef = 9FCCBCBDB65D61FC56595D14 /* Pods_DemoApp_Orchestrator_AVPlayerOrchestratorDemo.framework */; };
/* End PBXBuildFile section */

/* Begin PBXContainerItemProxy section */
		7A91223D286CC073000C6702 /* PBXContainerItemProxy */ = {
			isa = PBXContainerItemProxy;
			containerPortal = 7A9686B7286BAD8E00450C0A /* AVPlugin.xcodeproj */;
			proxyType = 2;
			remoteGlobalIDString = 7A9121EF286CB7BC000C6702;
			remoteInfo = LumenAVOrchestratorPlugin;
		};
		7A91223F286CC073000C6702 /* PBXContainerItemProxy */ = {
			isa = PBXContainerItemProxy;
			containerPortal = 7A9686B7286BAD8E00450C0A /* AVPlugin.xcodeproj */;
			proxyType = 2;
			remoteGlobalIDString = 7A912204286CBE67000C6702;
			remoteInfo = LumenAVOrchestratorPluginTests;
		};
		7A912241286CC073000C6702 /* PBXContainerItemProxy */ = {
			isa = PBXContainerItemProxy;
			containerPortal = 7A9686B7286BAD8E00450C0A /* AVPlugin.xcodeproj */;
			proxyType = 2;
			remoteGlobalIDString = 7A9121FD286CB7C8000C6702;
			remoteInfo = LumenAVOrchestratorPluginTV;
		};
		7A912243286CC073000C6702 /* PBXContainerItemProxy */ = {
			isa = PBXContainerItemProxy;
			containerPortal = 7A9686B7286BAD8E00450C0A /* AVPlugin.xcodeproj */;
			proxyType = 2;
			remoteGlobalIDString = 7A912212286CBEA8000C6702;
			remoteInfo = LumenAVOrchestratorPluginTVTests;
		};
		7A9686BC286BAD8E00450C0A /* PBXContainerItemProxy */ = {
			isa = PBXContainerItemProxy;
			containerPortal = 7A9686B7286BAD8E00450C0A /* AVPlugin.xcodeproj */;
			proxyType = 2;
			remoteGlobalIDString = 7A968699286B925000450C0A;
			remoteInfo = LumenMeshAVPlugin;
		};
		7A9686BE286BAD8E00450C0A /* PBXContainerItemProxy */ = {
			isa = PBXContainerItemProxy;
			containerPortal = 7A9686B7286BAD8E00450C0A /* AVPlugin.xcodeproj */;
			proxyType = 2;
			remoteGlobalIDString = 7A9686A3286B925000450C0A;
			remoteInfo = LumenMeshAVPluginTests;
		};
		7A96871B286C87CC00450C0A /* PBXContainerItemProxy */ = {
			isa = PBXContainerItemProxy;
			containerPortal = 7A9686B7286BAD8E00450C0A /* AVPlugin.xcodeproj */;
			proxyType = 2;
			remoteGlobalIDString = 7A9686F8286C80ED00450C0A;
			remoteInfo = LumenAVPluginMeshTV;
		};
		7A96871D286C87CC00450C0A /* PBXContainerItemProxy */ = {
			isa = PBXContainerItemProxy;
			containerPortal = 7A9686B7286BAD8E00450C0A /* AVPlugin.xcodeproj */;
			proxyType = 2;
			remoteGlobalIDString = 7A968701286C80ED00450C0A;
			remoteInfo = LumenAVPluginMeshTVTests;
		};
/* End PBXContainerItemProxy section */

/* Begin PBXCopyFilesBuildPhase section */
		7A912253286CC0C5000C6702 /* Embed Frameworks */ = {
			isa = PBXCopyFilesBuildPhase;
			buildActionMask = 2147483647;
			dstPath = "";
			dstSubfolderSpec = 10;
			files = (
				7A912268286CC18B000C6702 /* LumenAVOrchestratorPlugin.framework in Embed Frameworks */,
			);
			name = "Embed Frameworks";
			runOnlyForDeploymentPostprocessing = 0;
		};
		7A912266286CC184000C6702 /* Embed Frameworks */ = {
			isa = PBXCopyFilesBuildPhase;
			buildActionMask = 2147483647;
			dstPath = "";
			dstSubfolderSpec = 10;
			files = (
				7A912265286CC184000C6702 /* LumenAVOrchestratorPlugin.framework in Embed Frameworks */,
			);
			name = "Embed Frameworks";
			runOnlyForDeploymentPostprocessing = 0;
		};
		7A968728286C92DC00450C0A /* Embed Frameworks */ = {
			isa = PBXCopyFilesBuildPhase;
			buildActionMask = 2147483647;
			dstPath = "";
			dstSubfolderSpec = 10;
			files = (
				7A968727286C92DC00450C0A /* LumenAVMeshPlugin.framework in Embed Frameworks */,
			);
			name = "Embed Frameworks";
			runOnlyForDeploymentPostprocessing = 0;
		};
		A8AE9C8D2795C90200A2F6B5 /* Embed Frameworks */ = {
			isa = PBXCopyFilesBuildPhase;
			buildActionMask = 2147483647;
			dstPath = "";
			dstSubfolderSpec = 10;
			files = (
				7A9686C3286BADC900450C0A /* LumenAVMeshPlugin.framework in Embed Frameworks */,
			);
			name = "Embed Frameworks";
			runOnlyForDeploymentPostprocessing = 0;
		};
/* End PBXCopyFilesBuildPhase section */

/* Begin PBXFileReference section */
		0EAB62DA1C3AC61CAF45F584 /* Pods_DemoApp_Mesh_AVPlayerMeshDemoTV.framework */ = {isa = PBXFileReference; explicitFileType = wrapper.framework; includeInIndex = 0; path = Pods_DemoApp_Mesh_AVPlayerMeshDemoTV.framework; sourceTree = BUILT_PRODUCTS_DIR; };
		2BFDAEDA55CE92D90F53B41C /* Pods-DemoApp-AVPlayerMeshDemo.release.xcconfig */ = {isa = PBXFileReference; includeInIndex = 1; lastKnownFileType = text.xcconfig; name = "Pods-DemoApp-AVPlayerMeshDemo.release.xcconfig"; path = "Target Support Files/Pods-DemoApp-AVPlayerMeshDemo/Pods-DemoApp-AVPlayerMeshDemo.release.xcconfig"; sourceTree = "<group>"; };
		2CBC39EB6EEF93A9C21ED3D6 /* Pods-DemoApp-Mesh-AVPlayerMeshDemoTV.debug.xcconfig */ = {isa = PBXFileReference; includeInIndex = 1; lastKnownFileType = text.xcconfig; name = "Pods-DemoApp-Mesh-AVPlayerMeshDemoTV.debug.xcconfig"; path = "Target Support Files/Pods-DemoApp-Mesh-AVPlayerMeshDemoTV/Pods-DemoApp-Mesh-AVPlayerMeshDemoTV.debug.xcconfig"; sourceTree = "<group>"; };
		343C58AADCD2B43956E2AA37 /* Pods-DemoApp-Orchestrator-AVPlayerOrchestratorDemoTV.debug.xcconfig */ = {isa = PBXFileReference; includeInIndex = 1; lastKnownFileType = text.xcconfig; name = "Pods-DemoApp-Orchestrator-AVPlayerOrchestratorDemoTV.debug.xcconfig"; path = "Target Support Files/Pods-DemoApp-Orchestrator-AVPlayerOrchestratorDemoTV/Pods-DemoApp-Orchestrator-AVPlayerOrchestratorDemoTV.debug.xcconfig"; sourceTree = "<group>"; };
		39EE952A264705942B84B57B /* Pods-DemoApp-AVPlayerMeshDemoTV.release.xcconfig */ = {isa = PBXFileReference; includeInIndex = 1; lastKnownFileType = text.xcconfig; name = "Pods-DemoApp-AVPlayerMeshDemoTV.release.xcconfig"; path = "Target Support Files/Pods-DemoApp-AVPlayerMeshDemoTV/Pods-DemoApp-AVPlayerMeshDemoTV.release.xcconfig"; sourceTree = "<group>"; };
		3D225448CBEACD8725FB0D25 /* Pods_DemoApp_Mesh_AVPlayerMeshDemo.framework */ = {isa = PBXFileReference; explicitFileType = wrapper.framework; includeInIndex = 0; path = Pods_DemoApp_Mesh_AVPlayerMeshDemo.framework; sourceTree = BUILT_PRODUCTS_DIR; };
		695A1F8D976CD80558F83FCF /* Pods-DemoApp-Mesh-AVPlayerMeshDemo.debug.xcconfig */ = {isa = PBXFileReference; includeInIndex = 1; lastKnownFileType = text.xcconfig; name = "Pods-DemoApp-Mesh-AVPlayerMeshDemo.debug.xcconfig"; path = "Target Support Files/Pods-DemoApp-Mesh-AVPlayerMeshDemo/Pods-DemoApp-Mesh-AVPlayerMeshDemo.debug.xcconfig"; sourceTree = "<group>"; };
		6E55BF70132D8A2A13F02A42 /* Pods-DemoApp-Mesh-AVPlayerMeshDemoTV.release.xcconfig */ = {isa = PBXFileReference; includeInIndex = 1; lastKnownFileType = text.xcconfig; name = "Pods-DemoApp-Mesh-AVPlayerMeshDemoTV.release.xcconfig"; path = "Target Support Files/Pods-DemoApp-Mesh-AVPlayerMeshDemoTV/Pods-DemoApp-Mesh-AVPlayerMeshDemoTV.release.xcconfig"; sourceTree = "<group>"; };
		7A912234286CC073000C6702 /* AVPlayerOrchestratorDemo.app */ = {isa = PBXFileReference; explicitFileType = wrapper.application; includeInIndex = 0; path = AVPlayerOrchestratorDemo.app; sourceTree = BUILT_PRODUCTS_DIR; };
		7A912259286CC0C5000C6702 /* AVPlayerOrchestratorDemoTV.app */ = {isa = PBXFileReference; explicitFileType = wrapper.application; includeInIndex = 0; path = AVPlayerOrchestratorDemoTV.app; sourceTree = BUILT_PRODUCTS_DIR; };
		7A9686B7286BAD8E00450C0A /* AVPlugin.xcodeproj */ = {isa = PBXFileReference; lastKnownFileType = "wrapper.pb-project"; name = AVPlugin.xcodeproj; path = ../AVPlugin/AVPlugin.xcodeproj; sourceTree = "<group>"; };
		94DCF0AA674683B95C3578D1 /* Pods-DemoApp-AVPlayerMeshDemo.debug.xcconfig */ = {isa = PBXFileReference; includeInIndex = 1; lastKnownFileType = text.xcconfig; name = "Pods-DemoApp-AVPlayerMeshDemo.debug.xcconfig"; path = "Target Support Files/Pods-DemoApp-AVPlayerMeshDemo/Pods-DemoApp-AVPlayerMeshDemo.debug.xcconfig"; sourceTree = "<group>"; };
		9FCCBCBDB65D61FC56595D14 /* Pods_DemoApp_Orchestrator_AVPlayerOrchestratorDemo.framework */ = {isa = PBXFileReference; explicitFileType = wrapper.framework; includeInIndex = 0; path = Pods_DemoApp_Orchestrator_AVPlayerOrchestratorDemo.framework; sourceTree = BUILT_PRODUCTS_DIR; };
		A3931CDB3DA83D4AB6C9BBCF /* Pods-DemoApp-Orchestrator-AVPlayerOrchestratorDemo.debug.xcconfig */ = {isa = PBXFileReference; includeInIndex = 1; lastKnownFileType = text.xcconfig; name = "Pods-DemoApp-Orchestrator-AVPlayerOrchestratorDemo.debug.xcconfig"; path = "Target Support Files/Pods-DemoApp-Orchestrator-AVPlayerOrchestratorDemo/Pods-DemoApp-Orchestrator-AVPlayerOrchestratorDemo.debug.xcconfig"; sourceTree = "<group>"; };
		A803A60227AADEB000B05D4F /* Pods_AVPlayerMesh.framework */ = {isa = PBXFileReference; explicitFileType = wrapper.framework; path = Pods_AVPlayerMesh.framework; sourceTree = BUILT_PRODUCTS_DIR; };
		A88E2D96279183F100C76EFD /* AVPlayerMeshDemo.app */ = {isa = PBXFileReference; explicitFileType = wrapper.application; includeInIndex = 0; path = AVPlayerMeshDemo.app; sourceTree = BUILT_PRODUCTS_DIR; };
		A88E2D99279183F100C76EFD /* AppDelegate.swift */ = {isa = PBXFileReference; lastKnownFileType = sourcecode.swift; path = AppDelegate.swift; sourceTree = "<group>"; };
		A88E2D9B279183F100C76EFD /* SceneDelegate.swift */ = {isa = PBXFileReference; lastKnownFileType = sourcecode.swift; path = SceneDelegate.swift; sourceTree = "<group>"; };
		A88E2D9D279183F100C76EFD /* MainViewController.swift */ = {isa = PBXFileReference; lastKnownFileType = sourcecode.swift; path = MainViewController.swift; sourceTree = "<group>"; };
		A88E2DA0279183F100C76EFD /* Base */ = {isa = PBXFileReference; lastKnownFileType = file.storyboard; name = Base; path = Base.lproj/Main.storyboard; sourceTree = "<group>"; };
		A88E2DA2279183F200C76EFD /* Assets.xcassets */ = {isa = PBXFileReference; lastKnownFileType = folder.assetcatalog; path = Assets.xcassets; sourceTree = "<group>"; };
		A88E2DA5279183F200C76EFD /* Base */ = {isa = PBXFileReference; lastKnownFileType = file.storyboard; name = Base; path = Base.lproj/LaunchScreen.storyboard; sourceTree = "<group>"; };
		A88E2DA7279183F200C76EFD /* Info.plist */ = {isa = PBXFileReference; lastKnownFileType = text.plist.xml; path = Info.plist; sourceTree = "<group>"; };
		A88E2DAD279189D600C76EFD /* PlayerViewController.swift */ = {isa = PBXFileReference; lastKnownFileType = sourcecode.swift; path = PlayerViewController.swift; sourceTree = "<group>"; };
		A8AE9CBD2798211D00A2F6B5 /* AVPlayerMeshDemoTV.app */ = {isa = PBXFileReference; explicitFileType = wrapper.application; includeInIndex = 0; path = AVPlayerMeshDemoTV.app; sourceTree = BUILT_PRODUCTS_DIR; };
		A8AE9CBF2798211D00A2F6B5 /* AppDelegate.swift */ = {isa = PBXFileReference; lastKnownFileType = sourcecode.swift; path = AppDelegate.swift; sourceTree = "<group>"; };
		A8AE9CC42798211D00A2F6B5 /* Base */ = {isa = PBXFileReference; lastKnownFileType = file.storyboard; name = Base; path = Base.lproj/Main.storyboard; sourceTree = "<group>"; };
		A8AE9CC62798212000A2F6B5 /* Assets.xcassets */ = {isa = PBXFileReference; lastKnownFileType = folder.assetcatalog; path = Assets.xcassets; sourceTree = "<group>"; };
		A8AE9CC92798212000A2F6B5 /* Base */ = {isa = PBXFileReference; lastKnownFileType = file.storyboard; name = Base; path = Base.lproj/LaunchScreen.storyboard; sourceTree = "<group>"; };
		A8AE9CDD279840FA00A2F6B5 /* Info.plist */ = {isa = PBXFileReference; lastKnownFileType = text.plist; path = Info.plist; sourceTree = "<group>"; };
		B64922EE717F2F83FF0F493B /* Pods-DemoApp-Mesh-AVPlayerMeshDemo.release.xcconfig */ = {isa = PBXFileReference; includeInIndex = 1; lastKnownFileType = text.xcconfig; name = "Pods-DemoApp-Mesh-AVPlayerMeshDemo.release.xcconfig"; path = "Target Support Files/Pods-DemoApp-Mesh-AVPlayerMeshDemo/Pods-DemoApp-Mesh-AVPlayerMeshDemo.release.xcconfig"; sourceTree = "<group>"; };
		BFB081FAEBB8D867EAE3E82C /* Pods-DemoApp-Orchestrator-AVPlayerOrchestratorDemoTV.release.xcconfig */ = {isa = PBXFileReference; includeInIndex = 1; lastKnownFileType = text.xcconfig; name = "Pods-DemoApp-Orchestrator-AVPlayerOrchestratorDemoTV.release.xcconfig"; path = "Target Support Files/Pods-DemoApp-Orchestrator-AVPlayerOrchestratorDemoTV/Pods-DemoApp-Orchestrator-AVPlayerOrchestratorDemoTV.release.xcconfig"; sourceTree = "<group>"; };
		CC0AB362245EE842D9A2EEEC /* Pods-DemoApp-AVPlayerMeshDemoTV.debug.xcconfig */ = {isa = PBXFileReference; includeInIndex = 1; lastKnownFileType = text.xcconfig; name = "Pods-DemoApp-AVPlayerMeshDemoTV.debug.xcconfig"; path = "Target Support Files/Pods-DemoApp-AVPlayerMeshDemoTV/Pods-DemoApp-AVPlayerMeshDemoTV.debug.xcconfig"; sourceTree = "<group>"; };
		DD4A56706336A58636E26296 /* Pods_DemoApp_Orchestrator_AVPlayerOrchestratorDemoTV.framework */ = {isa = PBXFileReference; explicitFileType = wrapper.framework; includeInIndex = 0; path = Pods_DemoApp_Orchestrator_AVPlayerOrchestratorDemoTV.framework; sourceTree = BUILT_PRODUCTS_DIR; };
		FC6E38E7019FD96828780DBD /* Pods-DemoApp-Orchestrator-AVPlayerOrchestratorDemo.release.xcconfig */ = {isa = PBXFileReference; includeInIndex = 1; lastKnownFileType = text.xcconfig; name = "Pods-DemoApp-Orchestrator-AVPlayerOrchestratorDemo.release.xcconfig"; path = "Target Support Files/Pods-DemoApp-Orchestrator-AVPlayerOrchestratorDemo/Pods-DemoApp-Orchestrator-AVPlayerOrchestratorDemo.release.xcconfig"; sourceTree = "<group>"; };
/* End PBXFileReference section */

/* Begin PBXFrameworksBuildPhase section */
		7A912227286CC073000C6702 /* Frameworks */ = {
			isa = PBXFrameworksBuildPhase;
			buildActionMask = 2147483647;
			files = (
				7A912264286CC184000C6702 /* LumenAVOrchestratorPlugin.framework in Frameworks */,
				F75D03691F0F0273AF26601B /* Pods_DemoApp_Orchestrator_AVPlayerOrchestratorDemo.framework in Frameworks */,
			);
			runOnlyForDeploymentPostprocessing = 0;
		};
		7A91224C286CC0C5000C6702 /* Frameworks */ = {
			isa = PBXFrameworksBuildPhase;
			buildActionMask = 2147483647;
			files = (
				7A912267286CC18B000C6702 /* LumenAVOrchestratorPlugin.framework in Frameworks */,
				3AA5ECA620B6296AB0BBFF76 /* Pods_DemoApp_Orchestrator_AVPlayerOrchestratorDemoTV.framework in Frameworks */,
			);
			runOnlyForDeploymentPostprocessing = 0;
		};
		A88E2D93279183F100C76EFD /* Frameworks */ = {
			isa = PBXFrameworksBuildPhase;
			buildActionMask = 2147483647;
			files = (
				7A9686C2286BADC900450C0A /* LumenAVMeshPlugin.framework in Frameworks */,
				BE2C1C4814515AC90A389ABD /* Pods_DemoApp_Mesh_AVPlayerMeshDemo.framework in Frameworks */,
			);
			runOnlyForDeploymentPostprocessing = 0;
		};
		A8AE9CBA2798211D00A2F6B5 /* Frameworks */ = {
			isa = PBXFrameworksBuildPhase;
			buildActionMask = 2147483647;
			files = (
				7A968726286C92DC00450C0A /* LumenAVMeshPlugin.framework in Frameworks */,
				662039F426425ED1F8CBE6D9 /* Pods_DemoApp_Mesh_AVPlayerMeshDemoTV.framework in Frameworks */,
			);
			runOnlyForDeploymentPostprocessing = 0;
		};
/* End PBXFrameworksBuildPhase section */

/* Begin PBXGroup section */
		04F1CD0198051F0F011D01C7 /* Pods */ = {
			isa = PBXGroup;
			children = (
				94DCF0AA674683B95C3578D1 /* Pods-DemoApp-AVPlayerMeshDemo.debug.xcconfig */,
				2BFDAEDA55CE92D90F53B41C /* Pods-DemoApp-AVPlayerMeshDemo.release.xcconfig */,
				CC0AB362245EE842D9A2EEEC /* Pods-DemoApp-AVPlayerMeshDemoTV.debug.xcconfig */,
				39EE952A264705942B84B57B /* Pods-DemoApp-AVPlayerMeshDemoTV.release.xcconfig */,
				695A1F8D976CD80558F83FCF /* Pods-DemoApp-Mesh-AVPlayerMeshDemo.debug.xcconfig */,
				B64922EE717F2F83FF0F493B /* Pods-DemoApp-Mesh-AVPlayerMeshDemo.release.xcconfig */,
				2CBC39EB6EEF93A9C21ED3D6 /* Pods-DemoApp-Mesh-AVPlayerMeshDemoTV.debug.xcconfig */,
				6E55BF70132D8A2A13F02A42 /* Pods-DemoApp-Mesh-AVPlayerMeshDemoTV.release.xcconfig */,
				A3931CDB3DA83D4AB6C9BBCF /* Pods-DemoApp-Orchestrator-AVPlayerOrchestratorDemo.debug.xcconfig */,
				FC6E38E7019FD96828780DBD /* Pods-DemoApp-Orchestrator-AVPlayerOrchestratorDemo.release.xcconfig */,
				343C58AADCD2B43956E2AA37 /* Pods-DemoApp-Orchestrator-AVPlayerOrchestratorDemoTV.debug.xcconfig */,
				BFB081FAEBB8D867EAE3E82C /* Pods-DemoApp-Orchestrator-AVPlayerOrchestratorDemoTV.release.xcconfig */,
			);
			name = Pods;
			path = ../Pods;
			sourceTree = "<group>";
		};
		7A9686B8286BAD8E00450C0A /* Products */ = {
			isa = PBXGroup;
			children = (
				7A9686BD286BAD8E00450C0A /* LumenAVMeshPlugin.framework */,
				7A9686BF286BAD8E00450C0A /* LumenAVMeshPluginTests.xctest */,
				7A96871C286C87CC00450C0A /* LumenAVMeshPlugin.framework */,
				7A96871E286C87CC00450C0A /* LumenAVMeshPluginTVTests.xctest */,
				7A91223E286CC073000C6702 /* LumenAVOrchestratorPlugin.framework */,
				7A912240286CC073000C6702 /* LumenAVOrchestratorPluginTests.xctest */,
				7A912242286CC073000C6702 /* LumenAVOrchestratorPlugin.framework */,
				7A912244286CC073000C6702 /* LumenAVOrchestratorPluginTVTests.xctest */,
			);
			name = Products;
			sourceTree = "<group>";
		};
		7A9686D4286C79AF00450C0A /* Common */ = {
			isa = PBXGroup;
			children = (
				A88E2D9D279183F100C76EFD /* MainViewController.swift */,
				A88E2DAD279189D600C76EFD /* PlayerViewController.swift */,
			);
			path = Common;
			sourceTree = "<group>";
		};
		A803A60627AAE5BA00B05D4F /* Recovered References */ = {
			isa = PBXGroup;
			children = (
				A803A60227AADEB000B05D4F /* Pods_AVPlayerMesh.framework */,
			);
			name = "Recovered References";
			sourceTree = "<group>";
		};
		A88E2D8D279183F100C76EFD = {
			isa = PBXGroup;
			children = (
				7A9686B7286BAD8E00450C0A /* AVPlugin.xcodeproj */,
				7A9686D4286C79AF00450C0A /* Common */,
				A88E2D98279183F100C76EFD /* AVPlayerDemo */,
				A8AE9CBE2798211D00A2F6B5 /* AVPlayerDemoTV */,
				A88E2D97279183F100C76EFD /* Products */,
				A88E2DAF2791E3E500C76EFD /* Frameworks */,
				A803A60627AAE5BA00B05D4F /* Recovered References */,
				04F1CD0198051F0F011D01C7 /* Pods */,
			);
			sourceTree = "<group>";
		};
		A88E2D97279183F100C76EFD /* Products */ = {
			isa = PBXGroup;
			children = (
				A88E2D96279183F100C76EFD /* AVPlayerMeshDemo.app */,
				A8AE9CBD2798211D00A2F6B5 /* AVPlayerMeshDemoTV.app */,
				7A912234286CC073000C6702 /* AVPlayerOrchestratorDemo.app */,
				7A912259286CC0C5000C6702 /* AVPlayerOrchestratorDemoTV.app */,
			);
			name = Products;
			sourceTree = "<group>";
		};
		A88E2D98279183F100C76EFD /* AVPlayerDemo */ = {
			isa = PBXGroup;
			children = (
				A88E2DA7279183F200C76EFD /* Info.plist */,
				A88E2D99279183F100C76EFD /* AppDelegate.swift */,
				A88E2D9B279183F100C76EFD /* SceneDelegate.swift */,
				A88E2D9F279183F100C76EFD /* Main.storyboard */,
				A88E2DA2279183F200C76EFD /* Assets.xcassets */,
				A88E2DA4279183F200C76EFD /* LaunchScreen.storyboard */,
			);
			path = AVPlayerDemo;
			sourceTree = "<group>";
		};
		A88E2DAF2791E3E500C76EFD /* Frameworks */ = {
			isa = PBXGroup;
			children = (
				3D225448CBEACD8725FB0D25 /* Pods_DemoApp_Mesh_AVPlayerMeshDemo.framework */,
				0EAB62DA1C3AC61CAF45F584 /* Pods_DemoApp_Mesh_AVPlayerMeshDemoTV.framework */,
				9FCCBCBDB65D61FC56595D14 /* Pods_DemoApp_Orchestrator_AVPlayerOrchestratorDemo.framework */,
				DD4A56706336A58636E26296 /* Pods_DemoApp_Orchestrator_AVPlayerOrchestratorDemoTV.framework */,
			);
			name = Frameworks;
			sourceTree = "<group>";
		};
		A8AE9CBE2798211D00A2F6B5 /* AVPlayerDemoTV */ = {
			isa = PBXGroup;
			children = (
				A8AE9CDD279840FA00A2F6B5 /* Info.plist */,
				A8AE9CBF2798211D00A2F6B5 /* AppDelegate.swift */,
				A8AE9CC32798211D00A2F6B5 /* Main.storyboard */,
				A8AE9CC62798212000A2F6B5 /* Assets.xcassets */,
				A8AE9CC82798212000A2F6B5 /* LaunchScreen.storyboard */,
			);
			path = AVPlayerDemoTV;
			sourceTree = "<group>";
		};
/* End PBXGroup section */

/* Begin PBXNativeTarget section */
		7A912220286CC073000C6702 /* AVPlayerOrchestratorDemo */ = {
			isa = PBXNativeTarget;
			buildConfigurationList = 7A912231286CC073000C6702 /* Build configuration list for PBXNativeTarget "AVPlayerOrchestratorDemo" */;
			buildPhases = (
				7A912221286CC073000C6702 /* [CP] Check Pods Manifest.lock */,
				7A912222286CC073000C6702 /* Sources */,
				7A912227286CC073000C6702 /* Frameworks */,
				7A91222A286CC073000C6702 /* Resources */,
				7A912230286CC073000C6702 /* [CP] Embed Pods Frameworks */,
				7A912266286CC184000C6702 /* Embed Frameworks */,
			);
			buildRules = (
			);
			dependencies = (
			);
			name = AVPlayerOrchestratorDemo;
			productName = AVPlayerMesh;
			productReference = 7A912234286CC073000C6702 /* AVPlayerOrchestratorDemo.app */;
			productType = "com.apple.product-type.application";
		};
		7A912246286CC0C5000C6702 /* AVPlayerOrchestratorDemoTV */ = {
			isa = PBXNativeTarget;
			buildConfigurationList = 7A912256286CC0C5000C6702 /* Build configuration list for PBXNativeTarget "AVPlayerOrchestratorDemoTV" */;
			buildPhases = (
				7A912247286CC0C5000C6702 /* [CP] Check Pods Manifest.lock */,
				7A912248286CC0C5000C6702 /* Sources */,
				7A91224C286CC0C5000C6702 /* Frameworks */,
				7A91224F286CC0C5000C6702 /* Resources */,
				7A912253286CC0C5000C6702 /* Embed Frameworks */,
				7A912255286CC0C5000C6702 /* [CP] Embed Pods Frameworks */,
			);
			buildRules = (
			);
			dependencies = (
			);
			name = AVPlayerOrchestratorDemoTV;
			productName = AVPlayerMeshTV;
			productReference = 7A912259286CC0C5000C6702 /* AVPlayerOrchestratorDemoTV.app */;
			productType = "com.apple.product-type.application";
		};
		A88E2D95279183F100C76EFD /* AVPlayerMeshDemo */ = {
			isa = PBXNativeTarget;
			buildConfigurationList = A88E2DAA279183F200C76EFD /* Build configuration list for PBXNativeTarget "AVPlayerMeshDemo" */;
			buildPhases = (
				D4C9C9281FEBAF2C0EEAC4DD /* [CP] Check Pods Manifest.lock */,
				A88E2D92279183F100C76EFD /* Sources */,
				A88E2D93279183F100C76EFD /* Frameworks */,
				A88E2D94279183F100C76EFD /* Resources */,
				A8AE9C8D2795C90200A2F6B5 /* Embed Frameworks */,
				6A8CCF6C1FAC06F108766BD1 /* [CP] Embed Pods Frameworks */,
			);
			buildRules = (
			);
			dependencies = (
			);
			name = AVPlayerMeshDemo;
			productName = AVPlayerMesh;
			productReference = A88E2D96279183F100C76EFD /* AVPlayerMeshDemo.app */;
			productType = "com.apple.product-type.application";
		};
		A8AE9CBC2798211D00A2F6B5 /* AVPlayerMeshDemoTV */ = {
			isa = PBXNativeTarget;
			buildConfigurationList = A8AE9CCB2798212000A2F6B5 /* Build configuration list for PBXNativeTarget "AVPlayerMeshDemoTV" */;
			buildPhases = (
				A5874996A74DEED1D5216A41 /* [CP] Check Pods Manifest.lock */,
				A8AE9CB92798211D00A2F6B5 /* Sources */,
				A8AE9CBA2798211D00A2F6B5 /* Frameworks */,
				A8AE9CBB2798211D00A2F6B5 /* Resources */,
				7A968728286C92DC00450C0A /* Embed Frameworks */,
				B9A1FBB2B42CA8958CFE6C7E /* [CP] Embed Pods Frameworks */,
			);
			buildRules = (
			);
			dependencies = (
			);
			name = AVPlayerMeshDemoTV;
			productName = AVPlayerMeshTV;
			productReference = A8AE9CBD2798211D00A2F6B5 /* AVPlayerMeshDemoTV.app */;
			productType = "com.apple.product-type.application";
		};
/* End PBXNativeTarget section */

/* Begin PBXProject section */
		A88E2D8E279183F100C76EFD /* Project object */ = {
			isa = PBXProject;
			attributes = {
				BuildIndependentTargetsInParallel = 1;
				LastSwiftUpdateCheck = 1310;
				LastUpgradeCheck = 1310;
				TargetAttributes = {
					A88E2D95279183F100C76EFD = {
						CreatedOnToolsVersion = 13.1;
					};
					A8AE9CBC2798211D00A2F6B5 = {
						CreatedOnToolsVersion = 13.1;
					};
				};
			};
			buildConfigurationList = A88E2D91279183F100C76EFD /* Build configuration list for PBXProject "AVPlayerDemo" */;
			compatibilityVersion = "Xcode 13.0";
			developmentRegion = en;
			hasScannedForEncodings = 0;
			knownRegions = (
				en,
				Base,
			);
			mainGroup = A88E2D8D279183F100C76EFD;
			productRefGroup = A88E2D97279183F100C76EFD /* Products */;
			projectDirPath = "";
			projectReferences = (
				{
					ProductGroup = 7A9686B8286BAD8E00450C0A /* Products */;
					ProjectRef = 7A9686B7286BAD8E00450C0A /* AVPlugin.xcodeproj */;
				},
			);
			projectRoot = "";
			targets = (
				A88E2D95279183F100C76EFD /* AVPlayerMeshDemo */,
				A8AE9CBC2798211D00A2F6B5 /* AVPlayerMeshDemoTV */,
				7A912220286CC073000C6702 /* AVPlayerOrchestratorDemo */,
				7A912246286CC0C5000C6702 /* AVPlayerOrchestratorDemoTV */,
			);
		};
/* End PBXProject section */

/* Begin PBXReferenceProxy section */
		7A91223E286CC073000C6702 /* LumenAVOrchestratorPlugin.framework */ = {
			isa = PBXReferenceProxy;
			fileType = wrapper.framework;
			path = LumenAVOrchestratorPlugin.framework;
			remoteRef = 7A91223D286CC073000C6702 /* PBXContainerItemProxy */;
			sourceTree = BUILT_PRODUCTS_DIR;
		};
		7A912240286CC073000C6702 /* LumenAVOrchestratorPluginTests.xctest */ = {
			isa = PBXReferenceProxy;
			fileType = wrapper.cfbundle;
			path = LumenAVOrchestratorPluginTests.xctest;
			remoteRef = 7A91223F286CC073000C6702 /* PBXContainerItemProxy */;
			sourceTree = BUILT_PRODUCTS_DIR;
		};
		7A912242286CC073000C6702 /* LumenAVOrchestratorPlugin.framework */ = {
			isa = PBXReferenceProxy;
			fileType = wrapper.framework;
			path = LumenAVOrchestratorPlugin.framework;
			remoteRef = 7A912241286CC073000C6702 /* PBXContainerItemProxy */;
			sourceTree = BUILT_PRODUCTS_DIR;
		};
		7A912244286CC073000C6702 /* LumenAVOrchestratorPluginTVTests.xctest */ = {
			isa = PBXReferenceProxy;
			fileType = wrapper.cfbundle;
			path = LumenAVOrchestratorPluginTVTests.xctest;
			remoteRef = 7A912243286CC073000C6702 /* PBXContainerItemProxy */;
			sourceTree = BUILT_PRODUCTS_DIR;
		};
		7A9686BD286BAD8E00450C0A /* LumenAVMeshPlugin.framework */ = {
			isa = PBXReferenceProxy;
			fileType = wrapper.framework;
			path = LumenAVMeshPlugin.framework;
			remoteRef = 7A9686BC286BAD8E00450C0A /* PBXContainerItemProxy */;
			sourceTree = BUILT_PRODUCTS_DIR;
		};
		7A9686BF286BAD8E00450C0A /* LumenAVMeshPluginTests.xctest */ = {
			isa = PBXReferenceProxy;
			fileType = wrapper.cfbundle;
			path = LumenAVMeshPluginTests.xctest;
			remoteRef = 7A9686BE286BAD8E00450C0A /* PBXContainerItemProxy */;
			sourceTree = BUILT_PRODUCTS_DIR;
		};
		7A96871C286C87CC00450C0A /* LumenAVMeshPlugin.framework */ = {
			isa = PBXReferenceProxy;
			fileType = wrapper.framework;
			path = LumenAVMeshPlugin.framework;
			remoteRef = 7A96871B286C87CC00450C0A /* PBXContainerItemProxy */;
			sourceTree = BUILT_PRODUCTS_DIR;
		};
		7A96871E286C87CC00450C0A /* LumenAVMeshPluginTVTests.xctest */ = {
			isa = PBXReferenceProxy;
			fileType = wrapper.cfbundle;
			path = LumenAVMeshPluginTVTests.xctest;
			remoteRef = 7A96871D286C87CC00450C0A /* PBXContainerItemProxy */;
			sourceTree = BUILT_PRODUCTS_DIR;
		};
/* End PBXReferenceProxy section */

/* Begin PBXResourcesBuildPhase section */
		7A91222A286CC073000C6702 /* Resources */ = {
			isa = PBXResourcesBuildPhase;
			buildActionMask = 2147483647;
			files = (
				7A91222B286CC073000C6702 /* LaunchScreen.storyboard in Resources */,
				7A91222C286CC073000C6702 /* Assets.xcassets in Resources */,
				7A91222D286CC073000C6702 /* Main.storyboard in Resources */,
			);
			runOnlyForDeploymentPostprocessing = 0;
		};
		7A91224F286CC0C5000C6702 /* Resources */ = {
			isa = PBXResourcesBuildPhase;
			buildActionMask = 2147483647;
			files = (
				7A912250286CC0C5000C6702 /* LaunchScreen.storyboard in Resources */,
				7A912251286CC0C5000C6702 /* Assets.xcassets in Resources */,
				7A912252286CC0C5000C6702 /* Main.storyboard in Resources */,
			);
			runOnlyForDeploymentPostprocessing = 0;
		};
		A88E2D94279183F100C76EFD /* Resources */ = {
			isa = PBXResourcesBuildPhase;
			buildActionMask = 2147483647;
			files = (
				A88E2DA6279183F200C76EFD /* LaunchScreen.storyboard in Resources */,
				A88E2DA3279183F200C76EFD /* Assets.xcassets in Resources */,
				A88E2DA1279183F100C76EFD /* Main.storyboard in Resources */,
			);
			runOnlyForDeploymentPostprocessing = 0;
		};
		A8AE9CBB2798211D00A2F6B5 /* Resources */ = {
			isa = PBXResourcesBuildPhase;
			buildActionMask = 2147483647;
			files = (
				A8AE9CCA2798212000A2F6B5 /* LaunchScreen.storyboard in Resources */,
				A8AE9CC72798212000A2F6B5 /* Assets.xcassets in Resources */,
				A8AE9CC52798211D00A2F6B5 /* Main.storyboard in Resources */,
			);
			runOnlyForDeploymentPostprocessing = 0;
		};
/* End PBXResourcesBuildPhase section */

/* Begin PBXShellScriptBuildPhase section */
		6A8CCF6C1FAC06F108766BD1 /* [CP] Embed Pods Frameworks */ = {
			isa = PBXShellScriptBuildPhase;
			buildActionMask = 2147483647;
			files = (
			);
			inputFileListPaths = (
				"${PODS_ROOT}/Target Support Files/Pods-DemoApp-Mesh-AVPlayerMeshDemo/Pods-DemoApp-Mesh-AVPlayerMeshDemo-frameworks-${CONFIGURATION}-input-files.xcfilelist",
			);
			name = "[CP] Embed Pods Frameworks";
			outputFileListPaths = (
				"${PODS_ROOT}/Target Support Files/Pods-DemoApp-Mesh-AVPlayerMeshDemo/Pods-DemoApp-Mesh-AVPlayerMeshDemo-frameworks-${CONFIGURATION}-output-files.xcfilelist",
			);
			runOnlyForDeploymentPostprocessing = 0;
			shellPath = /bin/sh;
			shellScript = "\"${PODS_ROOT}/Target Support Files/Pods-DemoApp-Mesh-AVPlayerMeshDemo/Pods-DemoApp-Mesh-AVPlayerMeshDemo-frameworks.sh\"\n";
			showEnvVarsInLog = 0;
		};
		7A912221286CC073000C6702 /* [CP] Check Pods Manifest.lock */ = {
			isa = PBXShellScriptBuildPhase;
			buildActionMask = 2147483647;
			files = (
			);
			inputFileListPaths = (
			);
			inputPaths = (
				"${PODS_PODFILE_DIR_PATH}/Podfile.lock",
				"${PODS_ROOT}/Manifest.lock",
			);
			name = "[CP] Check Pods Manifest.lock";
			outputFileListPaths = (
			);
			outputPaths = (
				"$(DERIVED_FILE_DIR)/Pods-DemoApp-Orchestrator-AVPlayerOrchestratorDemo-checkManifestLockResult.txt",
			);
			runOnlyForDeploymentPostprocessing = 0;
			shellPath = /bin/sh;
			shellScript = "diff \"${PODS_PODFILE_DIR_PATH}/Podfile.lock\" \"${PODS_ROOT}/Manifest.lock\" > /dev/null\nif [ $? != 0 ] ; then\n    # print error to STDERR\n    echo \"error: The sandbox is not in sync with the Podfile.lock. Run 'pod install' or update your CocoaPods installation.\" >&2\n    exit 1\nfi\n# This output is used by Xcode 'outputs' to avoid re-running this script phase.\necho \"SUCCESS\" > \"${SCRIPT_OUTPUT_FILE_0}\"\n";
			showEnvVarsInLog = 0;
		};
		7A912230286CC073000C6702 /* [CP] Embed Pods Frameworks */ = {
			isa = PBXShellScriptBuildPhase;
			buildActionMask = 2147483647;
			files = (
			);
			inputFileListPaths = (
				"${PODS_ROOT}/Target Support Files/Pods-DemoApp-Orchestrator-AVPlayerOrchestratorDemo/Pods-DemoApp-Orchestrator-AVPlayerOrchestratorDemo-frameworks-${CONFIGURATION}-input-files.xcfilelist",
			);
			name = "[CP] Embed Pods Frameworks";
			outputFileListPaths = (
				"${PODS_ROOT}/Target Support Files/Pods-DemoApp-Orchestrator-AVPlayerOrchestratorDemo/Pods-DemoApp-Orchestrator-AVPlayerOrchestratorDemo-frameworks-${CONFIGURATION}-output-files.xcfilelist",
			);
			runOnlyForDeploymentPostprocessing = 0;
			shellPath = /bin/sh;
			shellScript = "\"${PODS_ROOT}/Target Support Files/Pods-DemoApp-Orchestrator-AVPlayerOrchestratorDemo/Pods-DemoApp-Orchestrator-AVPlayerOrchestratorDemo-frameworks.sh\"\n";
			showEnvVarsInLog = 0;
		};
		7A912247286CC0C5000C6702 /* [CP] Check Pods Manifest.lock */ = {
			isa = PBXShellScriptBuildPhase;
			buildActionMask = 2147483647;
			files = (
			);
			inputFileListPaths = (
			);
			inputPaths = (
				"${PODS_PODFILE_DIR_PATH}/Podfile.lock",
				"${PODS_ROOT}/Manifest.lock",
			);
			name = "[CP] Check Pods Manifest.lock";
			outputFileListPaths = (
			);
			outputPaths = (
				"$(DERIVED_FILE_DIR)/Pods-DemoApp-Orchestrator-AVPlayerOrchestratorDemoTV-checkManifestLockResult.txt",
			);
			runOnlyForDeploymentPostprocessing = 0;
			shellPath = /bin/sh;
			shellScript = "diff \"${PODS_PODFILE_DIR_PATH}/Podfile.lock\" \"${PODS_ROOT}/Manifest.lock\" > /dev/null\nif [ $? != 0 ] ; then\n    # print error to STDERR\n    echo \"error: The sandbox is not in sync with the Podfile.lock. Run 'pod install' or update your CocoaPods installation.\" >&2\n    exit 1\nfi\n# This output is used by Xcode 'outputs' to avoid re-running this script phase.\necho \"SUCCESS\" > \"${SCRIPT_OUTPUT_FILE_0}\"\n";
			showEnvVarsInLog = 0;
		};
		7A912255286CC0C5000C6702 /* [CP] Embed Pods Frameworks */ = {
			isa = PBXShellScriptBuildPhase;
			buildActionMask = 2147483647;
			files = (
			);
			inputFileListPaths = (
				"${PODS_ROOT}/Target Support Files/Pods-DemoApp-Orchestrator-AVPlayerOrchestratorDemoTV/Pods-DemoApp-Orchestrator-AVPlayerOrchestratorDemoTV-frameworks-${CONFIGURATION}-input-files.xcfilelist",
			);
			name = "[CP] Embed Pods Frameworks";
			outputFileListPaths = (
				"${PODS_ROOT}/Target Support Files/Pods-DemoApp-Orchestrator-AVPlayerOrchestratorDemoTV/Pods-DemoApp-Orchestrator-AVPlayerOrchestratorDemoTV-frameworks-${CONFIGURATION}-output-files.xcfilelist",
			);
			runOnlyForDeploymentPostprocessing = 0;
			shellPath = /bin/sh;
			shellScript = "\"${PODS_ROOT}/Target Support Files/Pods-DemoApp-Orchestrator-AVPlayerOrchestratorDemoTV/Pods-DemoApp-Orchestrator-AVPlayerOrchestratorDemoTV-frameworks.sh\"\n";
			showEnvVarsInLog = 0;
		};
		A5874996A74DEED1D5216A41 /* [CP] Check Pods Manifest.lock */ = {
			isa = PBXShellScriptBuildPhase;
			buildActionMask = 2147483647;
			files = (
			);
			inputFileListPaths = (
			);
			inputPaths = (
				"${PODS_PODFILE_DIR_PATH}/Podfile.lock",
				"${PODS_ROOT}/Manifest.lock",
			);
			name = "[CP] Check Pods Manifest.lock";
			outputFileListPaths = (
			);
			outputPaths = (
				"$(DERIVED_FILE_DIR)/Pods-DemoApp-Mesh-AVPlayerMeshDemoTV-checkManifestLockResult.txt",
			);
			runOnlyForDeploymentPostprocessing = 0;
			shellPath = /bin/sh;
			shellScript = "diff \"${PODS_PODFILE_DIR_PATH}/Podfile.lock\" \"${PODS_ROOT}/Manifest.lock\" > /dev/null\nif [ $? != 0 ] ; then\n    # print error to STDERR\n    echo \"error: The sandbox is not in sync with the Podfile.lock. Run 'pod install' or update your CocoaPods installation.\" >&2\n    exit 1\nfi\n# This output is used by Xcode 'outputs' to avoid re-running this script phase.\necho \"SUCCESS\" > \"${SCRIPT_OUTPUT_FILE_0}\"\n";
			showEnvVarsInLog = 0;
		};
		B9A1FBB2B42CA8958CFE6C7E /* [CP] Embed Pods Frameworks */ = {
			isa = PBXShellScriptBuildPhase;
			buildActionMask = 2147483647;
			files = (
			);
			inputFileListPaths = (
				"${PODS_ROOT}/Target Support Files/Pods-DemoApp-Mesh-AVPlayerMeshDemoTV/Pods-DemoApp-Mesh-AVPlayerMeshDemoTV-frameworks-${CONFIGURATION}-input-files.xcfilelist",
			);
			name = "[CP] Embed Pods Frameworks";
			outputFileListPaths = (
				"${PODS_ROOT}/Target Support Files/Pods-DemoApp-Mesh-AVPlayerMeshDemoTV/Pods-DemoApp-Mesh-AVPlayerMeshDemoTV-frameworks-${CONFIGURATION}-output-files.xcfilelist",
			);
			runOnlyForDeploymentPostprocessing = 0;
			shellPath = /bin/sh;
			shellScript = "\"${PODS_ROOT}/Target Support Files/Pods-DemoApp-Mesh-AVPlayerMeshDemoTV/Pods-DemoApp-Mesh-AVPlayerMeshDemoTV-frameworks.sh\"\n";
			showEnvVarsInLog = 0;
		};
		D4C9C9281FEBAF2C0EEAC4DD /* [CP] Check Pods Manifest.lock */ = {
			isa = PBXShellScriptBuildPhase;
			buildActionMask = 2147483647;
			files = (
			);
			inputFileListPaths = (
			);
			inputPaths = (
				"${PODS_PODFILE_DIR_PATH}/Podfile.lock",
				"${PODS_ROOT}/Manifest.lock",
			);
			name = "[CP] Check Pods Manifest.lock";
			outputFileListPaths = (
			);
			outputPaths = (
				"$(DERIVED_FILE_DIR)/Pods-DemoApp-Mesh-AVPlayerMeshDemo-checkManifestLockResult.txt",
			);
			runOnlyForDeploymentPostprocessing = 0;
			shellPath = /bin/sh;
			shellScript = "diff \"${PODS_PODFILE_DIR_PATH}/Podfile.lock\" \"${PODS_ROOT}/Manifest.lock\" > /dev/null\nif [ $? != 0 ] ; then\n    # print error to STDERR\n    echo \"error: The sandbox is not in sync with the Podfile.lock. Run 'pod install' or update your CocoaPods installation.\" >&2\n    exit 1\nfi\n# This output is used by Xcode 'outputs' to avoid re-running this script phase.\necho \"SUCCESS\" > \"${SCRIPT_OUTPUT_FILE_0}\"\n";
			showEnvVarsInLog = 0;
		};
/* End PBXShellScriptBuildPhase section */

/* Begin PBXSourcesBuildPhase section */
		7A912222286CC073000C6702 /* Sources */ = {
			isa = PBXSourcesBuildPhase;
			buildActionMask = 2147483647;
			files = (
				7A912223286CC073000C6702 /* MainViewController.swift in Sources */,
				7A912224286CC073000C6702 /* PlayerViewController.swift in Sources */,
				7A912225286CC073000C6702 /* AppDelegate.swift in Sources */,
				7A912226286CC073000C6702 /* SceneDelegate.swift in Sources */,
			);
			runOnlyForDeploymentPostprocessing = 0;
		};
		7A912248286CC0C5000C6702 /* Sources */ = {
			isa = PBXSourcesBuildPhase;
			buildActionMask = 2147483647;
			files = (
				7A912249286CC0C5000C6702 /* MainViewController.swift in Sources */,
				7A91224A286CC0C5000C6702 /* PlayerViewController.swift in Sources */,
				7A91224B286CC0C5000C6702 /* AppDelegate.swift in Sources */,
			);
			runOnlyForDeploymentPostprocessing = 0;
		};
		A88E2D92279183F100C76EFD /* Sources */ = {
			isa = PBXSourcesBuildPhase;
			buildActionMask = 2147483647;
			files = (
				A88E2D9E279183F100C76EFD /* MainViewController.swift in Sources */,
				A88E2DAE279189D600C76EFD /* PlayerViewController.swift in Sources */,
				A88E2D9A279183F100C76EFD /* AppDelegate.swift in Sources */,
				A88E2D9C279183F100C76EFD /* SceneDelegate.swift in Sources */,
			);
			runOnlyForDeploymentPostprocessing = 0;
		};
		A8AE9CB92798211D00A2F6B5 /* Sources */ = {
			isa = PBXSourcesBuildPhase;
			buildActionMask = 2147483647;
			files = (
				A8AE9CCE2798213A00A2F6B5 /* MainViewController.swift in Sources */,
				A8AE9CD0279821F000A2F6B5 /* PlayerViewController.swift in Sources */,
				A8AE9CC02798211D00A2F6B5 /* AppDelegate.swift in Sources */,
			);
			runOnlyForDeploymentPostprocessing = 0;
		};
/* End PBXSourcesBuildPhase section */

/* Begin PBXVariantGroup section */
		A88E2D9F279183F100C76EFD /* Main.storyboard */ = {
			isa = PBXVariantGroup;
			children = (
				A88E2DA0279183F100C76EFD /* Base */,
			);
			name = Main.storyboard;
			sourceTree = "<group>";
		};
		A88E2DA4279183F200C76EFD /* LaunchScreen.storyboard */ = {
			isa = PBXVariantGroup;
			children = (
				A88E2DA5279183F200C76EFD /* Base */,
			);
			name = LaunchScreen.storyboard;
			sourceTree = "<group>";
		};
		A8AE9CC32798211D00A2F6B5 /* Main.storyboard */ = {
			isa = PBXVariantGroup;
			children = (
				A8AE9CC42798211D00A2F6B5 /* Base */,
			);
			name = Main.storyboard;
			sourceTree = "<group>";
		};
		A8AE9CC82798212000A2F6B5 /* LaunchScreen.storyboard */ = {
			isa = PBXVariantGroup;
			children = (
				A8AE9CC92798212000A2F6B5 /* Base */,
			);
			name = LaunchScreen.storyboard;
			sourceTree = "<group>";
		};
/* End PBXVariantGroup section */

/* Begin XCBuildConfiguration section */
		7A912232286CC073000C6702 /* Debug */ = {
			isa = XCBuildConfiguration;
			baseConfigurationReference = A3931CDB3DA83D4AB6C9BBCF /* Pods-DemoApp-Orchestrator-AVPlayerOrchestratorDemo.debug.xcconfig */;
			buildSettings = {
				ASSETCATALOG_COMPILER_APPICON_NAME = AppIcon;
				ASSETCATALOG_COMPILER_GLOBAL_ACCENT_COLOR_NAME = AccentColor;
				CODE_SIGN_STYLE = Automatic;
				CURRENT_PROJECT_VERSION = 1;
				FRAMEWORK_SEARCH_PATHS = (
					"$(inherited)",
					"$(PROJECT_DIR)",
				);
				GENERATE_INFOPLIST_FILE = YES;
				INFOPLIST_FILE = AVPlayerDemo/Info.plist;
				INFOPLIST_KEY_UIApplicationSupportsIndirectInputEvents = YES;
				INFOPLIST_KEY_UILaunchStoryboardName = LaunchScreen;
				INFOPLIST_KEY_UIMainStoryboardFile = Main;
				INFOPLIST_KEY_UISupportedInterfaceOrientations_iPad = "UIInterfaceOrientationPortrait UIInterfaceOrientationPortraitUpsideDown UIInterfaceOrientationLandscapeLeft UIInterfaceOrientationLandscapeRight";
				INFOPLIST_KEY_UISupportedInterfaceOrientations_iPhone = "UIInterfaceOrientationPortrait UIInterfaceOrientationLandscapeLeft UIInterfaceOrientationLandscapeRight";
				LD_RUNPATH_SEARCH_PATHS = (
					"$(inherited)",
					"@executable_path/Frameworks",
				);
				MARKETING_VERSION = 1.0;
				PRODUCT_BUNDLE_IDENTIFIER = io.streamroot.ctl.delivery.client.orchestrator.AVPlayerDemo;
				PRODUCT_NAME = "$(TARGET_NAME)";
				SWIFT_EMIT_LOC_STRINGS = YES;
				SWIFT_VERSION = 5.0;
				TARGETED_DEVICE_FAMILY = "1,2";
			};
			name = Debug;
		};
		7A912233286CC073000C6702 /* Release */ = {
			isa = XCBuildConfiguration;
			baseConfigurationReference = FC6E38E7019FD96828780DBD /* Pods-DemoApp-Orchestrator-AVPlayerOrchestratorDemo.release.xcconfig */;
			buildSettings = {
				ASSETCATALOG_COMPILER_APPICON_NAME = AppIcon;
				ASSETCATALOG_COMPILER_GLOBAL_ACCENT_COLOR_NAME = AccentColor;
				CODE_SIGN_STYLE = Automatic;
				CURRENT_PROJECT_VERSION = 1;
				FRAMEWORK_SEARCH_PATHS = (
					"$(inherited)",
					"$(PROJECT_DIR)",
				);
				GENERATE_INFOPLIST_FILE = YES;
				INFOPLIST_FILE = AVPlayerDemo/Info.plist;
				INFOPLIST_KEY_UIApplicationSupportsIndirectInputEvents = YES;
				INFOPLIST_KEY_UILaunchStoryboardName = LaunchScreen;
				INFOPLIST_KEY_UIMainStoryboardFile = Main;
				INFOPLIST_KEY_UISupportedInterfaceOrientations_iPad = "UIInterfaceOrientationPortrait UIInterfaceOrientationPortraitUpsideDown UIInterfaceOrientationLandscapeLeft UIInterfaceOrientationLandscapeRight";
				INFOPLIST_KEY_UISupportedInterfaceOrientations_iPhone = "UIInterfaceOrientationPortrait UIInterfaceOrientationLandscapeLeft UIInterfaceOrientationLandscapeRight";
				LD_RUNPATH_SEARCH_PATHS = (
					"$(inherited)",
					"@executable_path/Frameworks",
				);
				MARKETING_VERSION = 1.0;
				PRODUCT_BUNDLE_IDENTIFIER = io.streamroot.ctl.delivery.client.orchestrator.AVPlayerDemo;
				PRODUCT_NAME = "$(TARGET_NAME)";
				SWIFT_EMIT_LOC_STRINGS = YES;
				SWIFT_VERSION = 5.0;
				TARGETED_DEVICE_FAMILY = "1,2";
			};
			name = Release;
		};
		7A912257286CC0C5000C6702 /* Debug */ = {
			isa = XCBuildConfiguration;
			baseConfigurationReference = 343C58AADCD2B43956E2AA37 /* Pods-DemoApp-Orchestrator-AVPlayerOrchestratorDemoTV.debug.xcconfig */;
			buildSettings = {
				ASSETCATALOG_COMPILER_APPICON_NAME = "App Icon & Top Shelf Image";
				ASSETCATALOG_COMPILER_GLOBAL_ACCENT_COLOR_NAME = AccentColor;
				CODE_SIGN_STYLE = Automatic;
				CURRENT_PROJECT_VERSION = 1;
				FRAMEWORK_SEARCH_PATHS = "$(inherited)";
				GENERATE_INFOPLIST_FILE = YES;
				INFOPLIST_FILE = AVPlayerDemoTV/Info.plist;
				INFOPLIST_KEY_UILaunchStoryboardName = LaunchScreen;
				INFOPLIST_KEY_UIMainStoryboardFile = Main;
				INFOPLIST_KEY_UIUserInterfaceStyle = Automatic;
				LD_RUNPATH_SEARCH_PATHS = (
					"$(inherited)",
					"@executable_path/Frameworks",
				);
				MARKETING_VERSION = 1.0;
				PRODUCT_BUNDLE_IDENTIFIER = io.streamroot.ctl.delivery.client.orchestrator.AVPlayerDemo;
				PRODUCT_NAME = "$(TARGET_NAME)";
				SDKROOT = appletvos;
				SWIFT_EMIT_LOC_STRINGS = YES;
				SWIFT_VERSION = 5.0;
				TARGETED_DEVICE_FAMILY = 3;
				TVOS_DEPLOYMENT_TARGET = 15.0;
			};
			name = Debug;
		};
		7A912258286CC0C5000C6702 /* Release */ = {
			isa = XCBuildConfiguration;
			baseConfigurationReference = BFB081FAEBB8D867EAE3E82C /* Pods-DemoApp-Orchestrator-AVPlayerOrchestratorDemoTV.release.xcconfig */;
			buildSettings = {
				ASSETCATALOG_COMPILER_APPICON_NAME = "App Icon & Top Shelf Image";
				ASSETCATALOG_COMPILER_GLOBAL_ACCENT_COLOR_NAME = AccentColor;
				CODE_SIGN_STYLE = Automatic;
				CURRENT_PROJECT_VERSION = 1;
				FRAMEWORK_SEARCH_PATHS = "$(inherited)";
				GENERATE_INFOPLIST_FILE = YES;
				INFOPLIST_FILE = AVPlayerDemoTV/Info.plist;
				INFOPLIST_KEY_UILaunchStoryboardName = LaunchScreen;
				INFOPLIST_KEY_UIMainStoryboardFile = Main;
				INFOPLIST_KEY_UIUserInterfaceStyle = Automatic;
				LD_RUNPATH_SEARCH_PATHS = (
					"$(inherited)",
					"@executable_path/Frameworks",
				);
				MARKETING_VERSION = 1.0;
				PRODUCT_BUNDLE_IDENTIFIER = io.streamroot.ctl.delivery.client.orchestrator.AVPlayerDemo;
				PRODUCT_NAME = "$(TARGET_NAME)";
				SDKROOT = appletvos;
				SWIFT_EMIT_LOC_STRINGS = YES;
				SWIFT_VERSION = 5.0;
				TARGETED_DEVICE_FAMILY = 3;
				TVOS_DEPLOYMENT_TARGET = 15.0;
			};
			name = Release;
		};
		A88E2DA8279183F200C76EFD /* Debug */ = {
			isa = XCBuildConfiguration;
			buildSettings = {
				ALWAYS_SEARCH_USER_PATHS = NO;
				CLANG_ANALYZER_NONNULL = YES;
				CLANG_ANALYZER_NUMBER_OBJECT_CONVERSION = YES_AGGRESSIVE;
				CLANG_CXX_LANGUAGE_STANDARD = "gnu++17";
				CLANG_CXX_LIBRARY = "libc++";
				CLANG_ENABLE_MODULES = YES;
				CLANG_ENABLE_OBJC_ARC = YES;
				CLANG_ENABLE_OBJC_WEAK = YES;
				CLANG_WARN_BLOCK_CAPTURE_AUTORELEASING = YES;
				CLANG_WARN_BOOL_CONVERSION = YES;
				CLANG_WARN_COMMA = YES;
				CLANG_WARN_CONSTANT_CONVERSION = YES;
				CLANG_WARN_DEPRECATED_OBJC_IMPLEMENTATIONS = YES;
				CLANG_WARN_DIRECT_OBJC_ISA_USAGE = YES_ERROR;
				CLANG_WARN_DOCUMENTATION_COMMENTS = YES;
				CLANG_WARN_EMPTY_BODY = YES;
				CLANG_WARN_ENUM_CONVERSION = YES;
				CLANG_WARN_INFINITE_RECURSION = YES;
				CLANG_WARN_INT_CONVERSION = YES;
				CLANG_WARN_NON_LITERAL_NULL_CONVERSION = YES;
				CLANG_WARN_OBJC_IMPLICIT_RETAIN_SELF = YES;
				CLANG_WARN_OBJC_LITERAL_CONVERSION = YES;
				CLANG_WARN_OBJC_ROOT_CLASS = YES_ERROR;
				CLANG_WARN_QUOTED_INCLUDE_IN_FRAMEWORK_HEADER = YES;
				CLANG_WARN_RANGE_LOOP_ANALYSIS = YES;
				CLANG_WARN_STRICT_PROTOTYPES = YES;
				CLANG_WARN_SUSPICIOUS_MOVE = YES;
				CLANG_WARN_UNGUARDED_AVAILABILITY = YES_AGGRESSIVE;
				CLANG_WARN_UNREACHABLE_CODE = YES;
				CLANG_WARN__DUPLICATE_METHOD_MATCH = YES;
				COPY_PHASE_STRIP = NO;
				DEBUG_INFORMATION_FORMAT = dwarf;
				ENABLE_STRICT_OBJC_MSGSEND = YES;
				ENABLE_TESTABILITY = YES;
				GCC_C_LANGUAGE_STANDARD = gnu11;
				GCC_DYNAMIC_NO_PIC = NO;
				GCC_NO_COMMON_BLOCKS = YES;
				GCC_OPTIMIZATION_LEVEL = 0;
				GCC_PREPROCESSOR_DEFINITIONS = (
					"DEBUG=1",
					"$(inherited)",
				);
				GCC_WARN_64_TO_32_BIT_CONVERSION = YES;
				GCC_WARN_ABOUT_RETURN_TYPE = YES_ERROR;
				GCC_WARN_UNDECLARED_SELECTOR = YES;
				GCC_WARN_UNINITIALIZED_AUTOS = YES_AGGRESSIVE;
				GCC_WARN_UNUSED_FUNCTION = YES;
				GCC_WARN_UNUSED_VARIABLE = YES;
				IPHONEOS_DEPLOYMENT_TARGET = 15.0;
				MTL_ENABLE_DEBUG_INFO = INCLUDE_SOURCE;
				MTL_FAST_MATH = YES;
				ONLY_ACTIVE_ARCH = YES;
				SDKROOT = iphoneos;
				SWIFT_ACTIVE_COMPILATION_CONDITIONS = DEBUG;
				SWIFT_OPTIMIZATION_LEVEL = "-Onone";
			};
			name = Debug;
		};
		A88E2DA9279183F200C76EFD /* Release */ = {
			isa = XCBuildConfiguration;
			buildSettings = {
				ALWAYS_SEARCH_USER_PATHS = NO;
				CLANG_ANALYZER_NONNULL = YES;
				CLANG_ANALYZER_NUMBER_OBJECT_CONVERSION = YES_AGGRESSIVE;
				CLANG_CXX_LANGUAGE_STANDARD = "gnu++17";
				CLANG_CXX_LIBRARY = "libc++";
				CLANG_ENABLE_MODULES = YES;
				CLANG_ENABLE_OBJC_ARC = YES;
				CLANG_ENABLE_OBJC_WEAK = YES;
				CLANG_WARN_BLOCK_CAPTURE_AUTORELEASING = YES;
				CLANG_WARN_BOOL_CONVERSION = YES;
				CLANG_WARN_COMMA = YES;
				CLANG_WARN_CONSTANT_CONVERSION = YES;
				CLANG_WARN_DEPRECATED_OBJC_IMPLEMENTATIONS = YES;
				CLANG_WARN_DIRECT_OBJC_ISA_USAGE = YES_ERROR;
				CLANG_WARN_DOCUMENTATION_COMMENTS = YES;
				CLANG_WARN_EMPTY_BODY = YES;
				CLANG_WARN_ENUM_CONVERSION = YES;
				CLANG_WARN_INFINITE_RECURSION = YES;
				CLANG_WARN_INT_CONVERSION = YES;
				CLANG_WARN_NON_LITERAL_NULL_CONVERSION = YES;
				CLANG_WARN_OBJC_IMPLICIT_RETAIN_SELF = YES;
				CLANG_WARN_OBJC_LITERAL_CONVERSION = YES;
				CLANG_WARN_OBJC_ROOT_CLASS = YES_ERROR;
				CLANG_WARN_QUOTED_INCLUDE_IN_FRAMEWORK_HEADER = YES;
				CLANG_WARN_RANGE_LOOP_ANALYSIS = YES;
				CLANG_WARN_STRICT_PROTOTYPES = YES;
				CLANG_WARN_SUSPICIOUS_MOVE = YES;
				CLANG_WARN_UNGUARDED_AVAILABILITY = YES_AGGRESSIVE;
				CLANG_WARN_UNREACHABLE_CODE = YES;
				CLANG_WARN__DUPLICATE_METHOD_MATCH = YES;
				COPY_PHASE_STRIP = NO;
				DEBUG_INFORMATION_FORMAT = "dwarf-with-dsym";
				ENABLE_NS_ASSERTIONS = NO;
				ENABLE_STRICT_OBJC_MSGSEND = YES;
				GCC_C_LANGUAGE_STANDARD = gnu11;
				GCC_NO_COMMON_BLOCKS = YES;
				GCC_WARN_64_TO_32_BIT_CONVERSION = YES;
				GCC_WARN_ABOUT_RETURN_TYPE = YES_ERROR;
				GCC_WARN_UNDECLARED_SELECTOR = YES;
				GCC_WARN_UNINITIALIZED_AUTOS = YES_AGGRESSIVE;
				GCC_WARN_UNUSED_FUNCTION = YES;
				GCC_WARN_UNUSED_VARIABLE = YES;
				IPHONEOS_DEPLOYMENT_TARGET = 15.0;
				MTL_ENABLE_DEBUG_INFO = NO;
				MTL_FAST_MATH = YES;
				SDKROOT = iphoneos;
				SWIFT_COMPILATION_MODE = wholemodule;
				SWIFT_OPTIMIZATION_LEVEL = "-O";
				VALIDATE_PRODUCT = YES;
			};
			name = Release;
		};
		A88E2DAB279183F200C76EFD /* Debug */ = {
			isa = XCBuildConfiguration;
			baseConfigurationReference = 695A1F8D976CD80558F83FCF /* Pods-DemoApp-Mesh-AVPlayerMeshDemo.debug.xcconfig */;
			buildSettings = {
				ASSETCATALOG_COMPILER_APPICON_NAME = AppIcon;
				ASSETCATALOG_COMPILER_GLOBAL_ACCENT_COLOR_NAME = AccentColor;
				CODE_SIGN_STYLE = Automatic;
				CURRENT_PROJECT_VERSION = 1;
				FRAMEWORK_SEARCH_PATHS = (
					"$(inherited)",
					"$(PROJECT_DIR)",
				);
				GENERATE_INFOPLIST_FILE = YES;
				INFOPLIST_FILE = AVPlayerDemo/Info.plist;
				INFOPLIST_KEY_UIApplicationSupportsIndirectInputEvents = YES;
				INFOPLIST_KEY_UILaunchStoryboardName = LaunchScreen;
				INFOPLIST_KEY_UIMainStoryboardFile = Main;
				INFOPLIST_KEY_UISupportedInterfaceOrientations_iPad = "UIInterfaceOrientationPortrait UIInterfaceOrientationPortraitUpsideDown UIInterfaceOrientationLandscapeLeft UIInterfaceOrientationLandscapeRight";
				INFOPLIST_KEY_UISupportedInterfaceOrientations_iPhone = "UIInterfaceOrientationPortrait UIInterfaceOrientationLandscapeLeft UIInterfaceOrientationLandscapeRight";
				LD_RUNPATH_SEARCH_PATHS = (
					"$(inherited)",
					"@executable_path/Frameworks",
				);
				MARKETING_VERSION = 1.0;
				OTHER_SWIFT_FLAGS = "-DMESH";
				PRODUCT_BUNDLE_IDENTIFIER = io.streamroot.ctl.delivery.client.mesh.AVPlayerDemo;
				PRODUCT_NAME = "$(TARGET_NAME)";
				SWIFT_EMIT_LOC_STRINGS = YES;
				SWIFT_VERSION = 5.0;
				TARGETED_DEVICE_FAMILY = "1,2";
			};
			name = Debug;
		};
		A88E2DAC279183F200C76EFD /* Release */ = {
			isa = XCBuildConfiguration;
			baseConfigurationReference = B64922EE717F2F83FF0F493B /* Pods-DemoApp-Mesh-AVPlayerMeshDemo.release.xcconfig */;
			buildSettings = {
				ASSETCATALOG_COMPILER_APPICON_NAME = AppIcon;
				ASSETCATALOG_COMPILER_GLOBAL_ACCENT_COLOR_NAME = AccentColor;
				CODE_SIGN_STYLE = Automatic;
				CURRENT_PROJECT_VERSION = 1;
				FRAMEWORK_SEARCH_PATHS = (
					"$(inherited)",
					"$(PROJECT_DIR)",
				);
				GENERATE_INFOPLIST_FILE = YES;
				INFOPLIST_FILE = AVPlayerDemo/Info.plist;
				INFOPLIST_KEY_UIApplicationSupportsIndirectInputEvents = YES;
				INFOPLIST_KEY_UILaunchStoryboardName = LaunchScreen;
				INFOPLIST_KEY_UIMainStoryboardFile = Main;
				INFOPLIST_KEY_UISupportedInterfaceOrientations_iPad = "UIInterfaceOrientationPortrait UIInterfaceOrientationPortraitUpsideDown UIInterfaceOrientationLandscapeLeft UIInterfaceOrientationLandscapeRight";
				INFOPLIST_KEY_UISupportedInterfaceOrientations_iPhone = "UIInterfaceOrientationPortrait UIInterfaceOrientationLandscapeLeft UIInterfaceOrientationLandscapeRight";
				LD_RUNPATH_SEARCH_PATHS = (
					"$(inherited)",
					"@executable_path/Frameworks",
				);
				MARKETING_VERSION = 1.0;
				OTHER_SWIFT_FLAGS = "-DMESH";
				PRODUCT_BUNDLE_IDENTIFIER = io.streamroot.ctl.delivery.client.mesh.AVPlayerDemo;
				PRODUCT_NAME = "$(TARGET_NAME)";
				SWIFT_EMIT_LOC_STRINGS = YES;
				SWIFT_VERSION = 5.0;
				TARGETED_DEVICE_FAMILY = "1,2";
			};
			name = Release;
		};
		A8AE9CCC2798212000A2F6B5 /* Debug */ = {
			isa = XCBuildConfiguration;
			baseConfigurationReference = 2CBC39EB6EEF93A9C21ED3D6 /* Pods-DemoApp-Mesh-AVPlayerMeshDemoTV.debug.xcconfig */;
			buildSettings = {
				ASSETCATALOG_COMPILER_APPICON_NAME = "App Icon & Top Shelf Image";
				ASSETCATALOG_COMPILER_GLOBAL_ACCENT_COLOR_NAME = AccentColor;
				CODE_SIGN_STYLE = Automatic;
				CURRENT_PROJECT_VERSION = 1;
				FRAMEWORK_SEARCH_PATHS = "$(inherited)";
				GENERATE_INFOPLIST_FILE = YES;
				INFOPLIST_FILE = AVPlayerDemoTV/Info.plist;
				INFOPLIST_KEY_UILaunchStoryboardName = LaunchScreen;
				INFOPLIST_KEY_UIMainStoryboardFile = Main;
				INFOPLIST_KEY_UIUserInterfaceStyle = Automatic;
				LD_RUNPATH_SEARCH_PATHS = (
					"$(inherited)",
					"@executable_path/Frameworks",
				);
				MARKETING_VERSION = 1.0;
				OTHER_SWIFT_FLAGS = "-DMESH";
				PRODUCT_BUNDLE_IDENTIFIER = io.streamroot.ctl.delivery.client.mesh.AVPlayerDemo;
				PRODUCT_NAME = "$(TARGET_NAME)";
				SDKROOT = appletvos;
				SWIFT_EMIT_LOC_STRINGS = YES;
				SWIFT_VERSION = 5.0;
				TARGETED_DEVICE_FAMILY = 3;
				TVOS_DEPLOYMENT_TARGET = 15.0;
			};
			name = Debug;
		};
		A8AE9CCD2798212000A2F6B5 /* Release */ = {
			isa = XCBuildConfiguration;
			baseConfigurationReference = 6E55BF70132D8A2A13F02A42 /* Pods-DemoApp-Mesh-AVPlayerMeshDemoTV.release.xcconfig */;
			buildSettings = {
				ASSETCATALOG_COMPILER_APPICON_NAME = "App Icon & Top Shelf Image";
				ASSETCATALOG_COMPILER_GLOBAL_ACCENT_COLOR_NAME = AccentColor;
				CODE_SIGN_STYLE = Automatic;
				CURRENT_PROJECT_VERSION = 1;
				FRAMEWORK_SEARCH_PATHS = "$(inherited)";
				GENERATE_INFOPLIST_FILE = YES;
				INFOPLIST_FILE = AVPlayerDemoTV/Info.plist;
				INFOPLIST_KEY_UILaunchStoryboardName = LaunchScreen;
				INFOPLIST_KEY_UIMainStoryboardFile = Main;
				INFOPLIST_KEY_UIUserInterfaceStyle = Automatic;
				LD_RUNPATH_SEARCH_PATHS = (
					"$(inherited)",
					"@executable_path/Frameworks",
				);
				MARKETING_VERSION = 1.0;
				OTHER_SWIFT_FLAGS = "-DMESH";
				PRODUCT_BUNDLE_IDENTIFIER = io.streamroot.ctl.delivery.client.mesh.AVPlayerDemo;
				PRODUCT_NAME = "$(TARGET_NAME)";
				SDKROOT = appletvos;
				SWIFT_EMIT_LOC_STRINGS = YES;
				SWIFT_VERSION = 5.0;
				TARGETED_DEVICE_FAMILY = 3;
				TVOS_DEPLOYMENT_TARGET = 15.0;
			};
			name = Release;
		};
/* End XCBuildConfiguration section */

/* Begin XCConfigurationList section */
		7A912231286CC073000C6702 /* Build configuration list for PBXNativeTarget "AVPlayerOrchestratorDemo" */ = {
			isa = XCConfigurationList;
			buildConfigurations = (
				7A912232286CC073000C6702 /* Debug */,
				7A912233286CC073000C6702 /* Release */,
			);
			defaultConfigurationIsVisible = 0;
			defaultConfigurationName = Release;
		};
		7A912256286CC0C5000C6702 /* Build configuration list for PBXNativeTarget "AVPlayerOrchestratorDemoTV" */ = {
			isa = XCConfigurationList;
			buildConfigurations = (
				7A912257286CC0C5000C6702 /* Debug */,
				7A912258286CC0C5000C6702 /* Release */,
			);
			defaultConfigurationIsVisible = 0;
			defaultConfigurationName = Release;
		};
		A88E2D91279183F100C76EFD /* Build configuration list for PBXProject "AVPlayerDemo" */ = {
			isa = XCConfigurationList;
			buildConfigurations = (
				A88E2DA8279183F200C76EFD /* Debug */,
				A88E2DA9279183F200C76EFD /* Release */,
			);
			defaultConfigurationIsVisible = 0;
			defaultConfigurationName = Release;
		};
		A88E2DAA279183F200C76EFD /* Build configuration list for PBXNativeTarget "AVPlayerMeshDemo" */ = {
			isa = XCConfigurationList;
			buildConfigurations = (
				A88E2DAB279183F200C76EFD /* Debug */,
				A88E2DAC279183F200C76EFD /* Release */,
			);
			defaultConfigurationIsVisible = 0;
			defaultConfigurationName = Release;
		};
		A8AE9CCB2798212000A2F6B5 /* Build configuration list for PBXNativeTarget "AVPlayerMeshDemoTV" */ = {
			isa = XCConfigurationList;
			buildConfigurations = (
				A8AE9CCC2798212000A2F6B5 /* Debug */,
				A8AE9CCD2798212000A2F6B5 /* Release */,
			);
			defaultConfigurationIsVisible = 0;
			defaultConfigurationName = Release;
		};
/* End XCConfigurationList section */
	};
	rootObject = A88E2D8E279183F100C76EFD /* Project object */;
}
