PODS:
  - LumenMeshDeliveryAVPlayerPlugin (22.09.0.0):
    - LumenMeshSDK (~> 22.09.0)
  - LumenMeshSDK (22.09.0)

DEPENDENCIES:
  - LumenMeshDeliveryAVPlayerPlugin

SPEC REPOS:
  trunk:
    - LumenMeshDeliveryAVPlayerPlugin
    - LumenMeshSDK

SPEC CHECKSUMS:
  LumenMeshDeliveryAVPlayerPlugin: 271bf57de24a459241f52b940e3be9a80327ce27
  LumenMeshSDK: 1db60098510a1b2387ce6ea541205b3dd96eea1a

PODFILE CHECKSUM: fd68628b17d30427cb9269c00114b805b4e6cdbb

COCOAPODS: 1.10.1
