PODS:
  - LumenMeshDeliveryAVPlayerPlugin (23.1.0.0):
    - LumenMeshSDK (~> 23.1.0)
  - LumenMeshSDK (23.1.0)

DEPENDENCIES:
  - LumenMeshDeliveryAVPlayerPlugin

SPEC REPOS:
  trunk:
    - LumenMeshDeliveryAVPlayerPlugin
    - LumenMeshSDK

SPEC CHECKSUMS:
  LumenMeshDeliveryAVPlayerPlugin: 313ae734aa78e31725c8fd002ea0e48bd4232c3a
  LumenMeshSDK: 26516fb143d18236f0cd9e1f6aa56a3f6e45127d

PODFILE CHECKSUM: 2fe222a5ac3cd1ac4e2c19dc909b670043ca113b

COCOAPODS: 1.11.3
