PODS:
  - LumenCDNLoadBalancerAVPlayerPlugin (23.1.0.0):
    - LumenOrchestratorSDK (~> 23.1.0)
  - LumenOrchestratorSDK (23.1.0)

DEPENDENCIES:
  - LumenCDNLoadBalancerAVPlayerPlugin

SPEC REPOS:
  trunk:
    - LumenCDNLoadBalancerAVPlayerPlugin
    - LumenOrchestratorSDK

SPEC CHECKSUMS:
  LumenCDNLoadBalancerAVPlayerPlugin: b35ad42d671dbd78b3fd9c2042a8a43919449fa4
  LumenOrchestratorSDK: 57397327d7f71987353aec31ca5782028097b593

PODFILE CHECKSUM: b5b04ee8b2ec0fb8c20239e41543f6b1bf5e4dec

COCOAPODS: 1.11.3
