PODS:
  - LumenCDNLoadBalancerAVPlayerPlugin (22.09.1.3):
    - LumenOrchestratorSDK (~> 22.09.1)
  - LumenOrchestratorSDK (22.09.1)

DEPENDENCIES:
  - LumenCDNLoadBalancerAVPlayerPlugin

SPEC REPOS:
  trunk:
    - LumenCDNLoadBalancerAVPlayerPlugin
    - LumenOrchestratorSDK

SPEC CHECKSUMS:
  LumenCDNLoadBalancerAVPlayerPlugin: a9601503e32e9eb353bf6a29ecaaf7a8502259a0
  LumenOrchestratorSDK: 78022d321c0a91806459938389258ea4a863655d

PODFILE CHECKSUM: b5b04ee8b2ec0fb8c20239e41543f6b1bf5e4dec

COCOAPODS: 1.11.3
