PODS:
  - JWPlayer-SDK (3.16.2)
  - Sentry (5.1.4):
    - Sentry/Core (= 5.1.4)
  - Sentry/Core (5.1.4)
  - Starscream (3.1.1)
  - StreamrootSDK (3.22.1):
    - Sentry (= 5.1.4)
    - Starscream (= 3.1.1)
    - SwiftProtobuf (= 1.7.0)
  - SwiftProtobuf (1.7.0)

DEPENDENCIES:
  - JWPlayer-SDK
  - StreamrootSDK (~> 3.22.0)

SPEC REPOS:
  trunk:
    - JWPlayer-SDK
    - Sentry
    - Starscream
    - StreamrootSDK
    - SwiftProtobuf

SPEC CHECKSUMS:
  JWPlayer-SDK: 42f9c5a6ec6c844fb723c182b17b120132b17d3b
  Sentry: 74f2ad93a20a5567a1badaedf5b3f60b142ad082
  Starscream: 4bb2f9942274833f7b4d296a55504dcfc7edb7b0
  StreamrootSDK: 9aaf0cae153317b7e2a0b8d93418badc13853e42
  SwiftProtobuf: 4fd9645e69b72cbae6ec8da5be0cdd20ca6565dd

PODFILE CHECKSUM: ba6cded6c68f146ee25d217079984429414cd6f2

COCOAPODS: 1.9.3
